// !$*UTF8*$!
{
	archiveVersion = 1;
	classes = {
	};
	objectVersion = 46;
	objects = {

/* Begin PBXBuildFile section */
		13B07FBC1A68108700A75B9A /* AppDelegate.m in Sources */ = {isa = PBXBuildFile; fileRef = 13B07FB01A68108700A75B9A /* AppDelegate.m */; };
		13B07FBD1A68108700A75B9A /* LaunchScreen.xib in Resources */ = {isa = PBXBuildFile; fileRef = 13B07FB11A68108700A75B9A /* LaunchScreen.xib */; };
		13B07FBF1A68108700A75B9A /* Images.xcassets in Resources */ = {isa = PBXBuildFile; fileRef = 13B07FB51A68108700A75B9A /* Images.xcassets */; };
		13B07FC11A68108700A75B9A /* main.m in Sources */ = {isa = PBXBuildFile; fileRef = 13B07FB71A68108700A75B9A /* main.m */; };
		6626A84ADFEF94DF6B55877E /* libPods-SimformRN.a in Frameworks */ = {isa = PBXBuildFile; fileRef = 6D4EF150423C4E75F94635E9 /* libPods-SimformRN.a */; };
		896478DE2391381C00189E09 /* libRSKImageCropper.a in Frameworks */ = {isa = PBXBuildFile; fileRef = 896478DD2391381C00189E09 /* libRSKImageCropper.a */; };
		896478E22391383600189E09 /* libQBImagePickerController.a in Frameworks */ = {isa = PBXBuildFile; fileRef = 896478E12391383600189E09 /* libQBImagePickerController.a */; };
		7F60F57D4DCB486DBF0FEEC4 /* AntDesign.ttf in Resources */ = {isa = PBXBuildFile; fileRef = A60D29E9873D4D659015B9AD /* AntDesign.ttf */; };
		540F7398F5B742CEA6E81D45 /* Entypo.ttf in Resources */ = {isa = PBXBuildFile; fileRef = BEF070E40B6547DD8B69C158 /* Entypo.ttf */; };
		B6737E28C44C408A9CC8488D /* EvilIcons.ttf in Resources */ = {isa = PBXBuildFile; fileRef = F638806E429C43DBA303134D /* EvilIcons.ttf */; };
		76A1A833746C4E5BB503A728 /* Feather.ttf in Resources */ = {isa = PBXBuildFile; fileRef = 8FF1EA1492CA4114A28A0B0C /* Feather.ttf */; };
		B171572B06F04E9A8FD8B71F /* FontAwesome.ttf in Resources */ = {isa = PBXBuildFile; fileRef = 304ADA2BB60E486F9E69D712 /* FontAwesome.ttf */; };
		230EF6A0436A4B6EA83B4D76 /* FontAwesome5_Brands.ttf in Resources */ = {isa = PBXBuildFile; fileRef = 236BA544447C41509E997388 /* FontAwesome5_Brands.ttf */; };
		40C660964F3A43398A3FCE24 /* FontAwesome5_Regular.ttf in Resources */ = {isa = PBXBuildFile; fileRef = 9730FB4609E74067B0EA4B5D /* FontAwesome5_Regular.ttf */; };
		AEEF6EC1032541A494EC79BD /* FontAwesome5_Solid.ttf in Resources */ = {isa = PBXBuildFile; fileRef = 49446BAE3C684365A8C17D7A /* FontAwesome5_Solid.ttf */; };
		AFA49FB4EB0246F48D2578A1 /* Fontisto.ttf in Resources */ = {isa = PBXBuildFile; fileRef = 10594FCDD5934076851FD8FA /* Fontisto.ttf */; };
		714AEA8009174CE6A02902B2 /* Foundation.ttf in Resources */ = {isa = PBXBuildFile; fileRef = E1A46462FC10442EB1BC897F /* Foundation.ttf */; };
		30F49EB22F2342D9849665BD /* Ionicons.ttf in Resources */ = {isa = PBXBuildFile; fileRef = C2CB66643B6A42D087C138EF /* Ionicons.ttf */; };
		F1B830D4B6D14A1AA965E18C /* MaterialCommunityIcons.ttf in Resources */ = {isa = PBXBuildFile; fileRef = C7FEF8C04987439D968316C0 /* MaterialCommunityIcons.ttf */; };
		FBD24FFA6EC64A2CA73AC50E /* MaterialIcons.ttf in Resources */ = {isa = PBXBuildFile; fileRef = B6FBC478825440F09BD72EC5 /* MaterialIcons.ttf */; };
		7ADD837729614F9EA02F793F /* Octicons.ttf in Resources */ = {isa = PBXBuildFile; fileRef = 083552F16F2D42F185257B22 /* Octicons.ttf */; };
		5B3E7B57756B4091846B5492 /* SimpleLineIcons.ttf in Resources */ = {isa = PBXBuildFile; fileRef = 21D5A8C2003D4D92B927B67D /* SimpleLineIcons.ttf */; };
		DF6E08F568F74100B8D262D4 /* Zocial.ttf in Resources */ = {isa = PBXBuildFile; fileRef = 5F895A1304DC4F23B3EBEB66 /* Zocial.ttf */; };
/* End PBXBuildFile section */

/* Begin PBXFileReference section */
		008F07F21AC5B25A0029DE68 /* main.jsbundle */ = {isa = PBXFileReference; fileEncoding = 4; lastKnownFileType = text; path = main.jsbundle; sourceTree = "<group>"; };
		0635466B06AE05811438FBF9 /* libPods-SimformRN-tvOS.a */ = {isa = PBXFileReference; explicitFileType = archive.ar; includeInIndex = 0; path = "libPods-SimformRN-tvOS.a"; sourceTree = BUILT_PRODUCTS_DIR; };
		13B07F961A680F5B00A75B9A /* SimformRN.app */ = {isa = PBXFileReference; explicitFileType = wrapper.application; includeInIndex = 0; path = SimformRN.app; sourceTree = BUILT_PRODUCTS_DIR; };
		13B07FAF1A68108700A75B9A /* AppDelegate.h */ = {isa = PBXFileReference; fileEncoding = 4; lastKnownFileType = sourcecode.c.h; name = AppDelegate.h; path = SimformRN/AppDelegate.h; sourceTree = "<group>"; };
		13B07FB01A68108700A75B9A /* AppDelegate.m */ = {isa = PBXFileReference; fileEncoding = 4; lastKnownFileType = sourcecode.c.objc; name = AppDelegate.m; path = SimformRN/AppDelegate.m; sourceTree = "<group>"; };
		13B07FB21A68108700A75B9A /* Base */ = {isa = PBXFileReference; lastKnownFileType = file.xib; name = Base; path = Base.lproj/LaunchScreen.xib; sourceTree = "<group>"; };
		13B07FB51A68108700A75B9A /* Images.xcassets */ = {isa = PBXFileReference; lastKnownFileType = folder.assetcatalog; name = Images.xcassets; path = SimformRN/Images.xcassets; sourceTree = "<group>"; };
		13B07FB61A68108700A75B9A /* Info.plist */ = {isa = PBXFileReference; fileEncoding = 4; lastKnownFileType = text.plist.xml; name = Info.plist; path = SimformRN/Info.plist; sourceTree = "<group>"; };
		13B07FB71A68108700A75B9A /* main.m */ = {isa = PBXFileReference; fileEncoding = 4; lastKnownFileType = sourcecode.c.objc; name = main.m; path = SimformRN/main.m; sourceTree = "<group>"; };
		22FCA87DDD518CDE77895522 /* libPods-SimformRNTests.a */ = {isa = PBXFileReference; explicitFileType = archive.ar; includeInIndex = 0; path = "libPods-SimformRNTests.a"; sourceTree = BUILT_PRODUCTS_DIR; };
		3D8BC0723D5BCBFE43A253C8 /* Pods-SimformRN-tvOSTests.release.xcconfig */ = {isa = PBXFileReference; includeInIndex = 1; lastKnownFileType = text.xcconfig; name = "Pods-SimformRN-tvOSTests.release.xcconfig"; path = "Target Support Files/Pods-SimformRN-tvOSTests/Pods-SimformRN-tvOSTests.release.xcconfig"; sourceTree = "<group>"; };
		6337691CEFABA9CA79269F08 /* Pods-SimformRN-tvOSTests.debug.xcconfig */ = {isa = PBXFileReference; includeInIndex = 1; lastKnownFileType = text.xcconfig; name = "Pods-SimformRN-tvOSTests.debug.xcconfig"; path = "Target Support Files/Pods-SimformRN-tvOSTests/Pods-SimformRN-tvOSTests.debug.xcconfig"; sourceTree = "<group>"; };
		6A83EF4D2205BC8823BA1743 /* Pods-SimformRNTests.debug.xcconfig */ = {isa = PBXFileReference; includeInIndex = 1; lastKnownFileType = text.xcconfig; name = "Pods-SimformRNTests.debug.xcconfig"; path = "Target Support Files/Pods-SimformRNTests/Pods-SimformRNTests.debug.xcconfig"; sourceTree = "<group>"; };
		6D4EF150423C4E75F94635E9 /* libPods-SimformRN.a */ = {isa = PBXFileReference; explicitFileType = archive.ar; includeInIndex = 0; path = "libPods-SimformRN.a"; sourceTree = BUILT_PRODUCTS_DIR; };
		896478DD2391381C00189E09 /* libRSKImageCropper.a */ = {isa = PBXFileReference; explicitFileType = archive.ar; path = libRSKImageCropper.a; sourceTree = BUILT_PRODUCTS_DIR; };
		896478DF2391382600189E09 /* libQBImagePickerController.a */ = {isa = PBXFileReference; explicitFileType = archive.ar; path = libQBImagePickerController.a; sourceTree = BUILT_PRODUCTS_DIR; };
		896478E12391383600189E09 /* libQBImagePickerController.a */ = {isa = PBXFileReference; explicitFileType = archive.ar; path = libQBImagePickerController.a; sourceTree = BUILT_PRODUCTS_DIR; };
		9E527E08B2755FED9C2C7F6A /* Pods-SimformRN.release.xcconfig */ = {isa = PBXFileReference; includeInIndex = 1; lastKnownFileType = text.xcconfig; name = "Pods-SimformRN.release.xcconfig"; path = "Target Support Files/Pods-SimformRN/Pods-SimformRN.release.xcconfig"; sourceTree = "<group>"; };
		A4BE00EFF1E4F95C5A08E9CC /* Pods-SimformRN.debug.xcconfig */ = {isa = PBXFileReference; includeInIndex = 1; lastKnownFileType = text.xcconfig; name = "Pods-SimformRN.debug.xcconfig"; path = "Target Support Files/Pods-SimformRN/Pods-SimformRN.debug.xcconfig"; sourceTree = "<group>"; };
		AB0BF88FCE5964CDAD9AFAF6 /* libPods-SimformRN-tvOSTests.a */ = {isa = PBXFileReference; explicitFileType = archive.ar; includeInIndex = 0; path = "libPods-SimformRN-tvOSTests.a"; sourceTree = BUILT_PRODUCTS_DIR; };
		CD73AE827E7D93C991A559D2 /* Pods-SimformRN-tvOS.debug.xcconfig */ = {isa = PBXFileReference; includeInIndex = 1; lastKnownFileType = text.xcconfig; name = "Pods-SimformRN-tvOS.debug.xcconfig"; path = "Target Support Files/Pods-SimformRN-tvOS/Pods-SimformRN-tvOS.debug.xcconfig"; sourceTree = "<group>"; };
		EAC59EA84E0EC1942025D988 /* Pods-SimformRN-tvOS.release.xcconfig */ = {isa = PBXFileReference; includeInIndex = 1; lastKnownFileType = text.xcconfig; name = "Pods-SimformRN-tvOS.release.xcconfig"; path = "Target Support Files/Pods-SimformRN-tvOS/Pods-SimformRN-tvOS.release.xcconfig"; sourceTree = "<group>"; };
		ED297162215061F000B7C4FE /* JavaScriptCore.framework */ = {isa = PBXFileReference; lastKnownFileType = wrapper.framework; name = JavaScriptCore.framework; path = System/Library/Frameworks/JavaScriptCore.framework; sourceTree = SDKROOT; };
		ED2971642150620600B7C4FE /* JavaScriptCore.framework */ = {isa = PBXFileReference; lastKnownFileType = wrapper.framework; name = JavaScriptCore.framework; path = Platforms/AppleTVOS.platform/Developer/SDKs/AppleTVOS12.0.sdk/System/Library/Frameworks/JavaScriptCore.framework; sourceTree = DEVELOPER_DIR; };
		F5A29C6B1CFC5BBBD8C22469 /* Pods-SimformRNTests.release.xcconfig */ = {isa = PBXFileReference; includeInIndex = 1; lastKnownFileType = text.xcconfig; name = "Pods-SimformRNTests.release.xcconfig"; path = "Target Support Files/Pods-SimformRNTests/Pods-SimformRNTests.release.xcconfig"; sourceTree = "<group>"; };
		A60D29E9873D4D659015B9AD /* AntDesign.ttf */ = {isa = PBXFileReference; name = "AntDesign.ttf"; path = "../node_modules/react-native-vector-icons/Fonts/AntDesign.ttf"; sourceTree = "<group>"; fileEncoding = undefined; lastKnownFileType = unknown; explicitFileType = undefined; includeInIndex = 0; };
		BEF070E40B6547DD8B69C158 /* Entypo.ttf */ = {isa = PBXFileReference; name = "Entypo.ttf"; path = "../node_modules/react-native-vector-icons/Fonts/Entypo.ttf"; sourceTree = "<group>"; fileEncoding = undefined; lastKnownFileType = unknown; explicitFileType = undefined; includeInIndex = 0; };
		F638806E429C43DBA303134D /* EvilIcons.ttf */ = {isa = PBXFileReference; name = "EvilIcons.ttf"; path = "../node_modules/react-native-vector-icons/Fonts/EvilIcons.ttf"; sourceTree = "<group>"; fileEncoding = undefined; lastKnownFileType = unknown; explicitFileType = undefined; includeInIndex = 0; };
		8FF1EA1492CA4114A28A0B0C /* Feather.ttf */ = {isa = PBXFileReference; name = "Feather.ttf"; path = "../node_modules/react-native-vector-icons/Fonts/Feather.ttf"; sourceTree = "<group>"; fileEncoding = undefined; lastKnownFileType = unknown; explicitFileType = undefined; includeInIndex = 0; };
		304ADA2BB60E486F9E69D712 /* FontAwesome.ttf */ = {isa = PBXFileReference; name = "FontAwesome.ttf"; path = "../node_modules/react-native-vector-icons/Fonts/FontAwesome.ttf"; sourceTree = "<group>"; fileEncoding = undefined; lastKnownFileType = unknown; explicitFileType = undefined; includeInIndex = 0; };
		236BA544447C41509E997388 /* FontAwesome5_Brands.ttf */ = {isa = PBXFileReference; name = "FontAwesome5_Brands.ttf"; path = "../node_modules/react-native-vector-icons/Fonts/FontAwesome5_Brands.ttf"; sourceTree = "<group>"; fileEncoding = undefined; lastKnownFileType = unknown; explicitFileType = undefined; includeInIndex = 0; };
		9730FB4609E74067B0EA4B5D /* FontAwesome5_Regular.ttf */ = {isa = PBXFileReference; name = "FontAwesome5_Regular.ttf"; path = "../node_modules/react-native-vector-icons/Fonts/FontAwesome5_Regular.ttf"; sourceTree = "<group>"; fileEncoding = undefined; lastKnownFileType = unknown; explicitFileType = undefined; includeInIndex = 0; };
		49446BAE3C684365A8C17D7A /* FontAwesome5_Solid.ttf */ = {isa = PBXFileReference; name = "FontAwesome5_Solid.ttf"; path = "../node_modules/react-native-vector-icons/Fonts/FontAwesome5_Solid.ttf"; sourceTree = "<group>"; fileEncoding = undefined; lastKnownFileType = unknown; explicitFileType = undefined; includeInIndex = 0; };
		10594FCDD5934076851FD8FA /* Fontisto.ttf */ = {isa = PBXFileReference; name = "Fontisto.ttf"; path = "../node_modules/react-native-vector-icons/Fonts/Fontisto.ttf"; sourceTree = "<group>"; fileEncoding = undefined; lastKnownFileType = unknown; explicitFileType = undefined; includeInIndex = 0; };
		E1A46462FC10442EB1BC897F /* Foundation.ttf */ = {isa = PBXFileReference; name = "Foundation.ttf"; path = "../node_modules/react-native-vector-icons/Fonts/Foundation.ttf"; sourceTree = "<group>"; fileEncoding = undefined; lastKnownFileType = unknown; explicitFileType = undefined; includeInIndex = 0; };
		C2CB66643B6A42D087C138EF /* Ionicons.ttf */ = {isa = PBXFileReference; name = "Ionicons.ttf"; path = "../node_modules/react-native-vector-icons/Fonts/Ionicons.ttf"; sourceTree = "<group>"; fileEncoding = undefined; lastKnownFileType = unknown; explicitFileType = undefined; includeInIndex = 0; };
		C7FEF8C04987439D968316C0 /* MaterialCommunityIcons.ttf */ = {isa = PBXFileReference; name = "MaterialCommunityIcons.ttf"; path = "../node_modules/react-native-vector-icons/Fonts/MaterialCommunityIcons.ttf"; sourceTree = "<group>"; fileEncoding = undefined; lastKnownFileType = unknown; explicitFileType = undefined; includeInIndex = 0; };
		B6FBC478825440F09BD72EC5 /* MaterialIcons.ttf */ = {isa = PBXFileReference; name = "MaterialIcons.ttf"; path = "../node_modules/react-native-vector-icons/Fonts/MaterialIcons.ttf"; sourceTree = "<group>"; fileEncoding = undefined; lastKnownFileType = unknown; explicitFileType = undefined; includeInIndex = 0; };
		083552F16F2D42F185257B22 /* Octicons.ttf */ = {isa = PBXFileReference; name = "Octicons.ttf"; path = "../node_modules/react-native-vector-icons/Fonts/Octicons.ttf"; sourceTree = "<group>"; fileEncoding = undefined; lastKnownFileType = unknown; explicitFileType = undefined; includeInIndex = 0; };
		21D5A8C2003D4D92B927B67D /* SimpleLineIcons.ttf */ = {isa = PBXFileReference; name = "SimpleLineIcons.ttf"; path = "../node_modules/react-native-vector-icons/Fonts/SimpleLineIcons.ttf"; sourceTree = "<group>"; fileEncoding = undefined; lastKnownFileType = unknown; explicitFileType = undefined; includeInIndex = 0; };
		5F895A1304DC4F23B3EBEB66 /* Zocial.ttf */ = {isa = PBXFileReference; name = "Zocial.ttf"; path = "../node_modules/react-native-vector-icons/Fonts/Zocial.ttf"; sourceTree = "<group>"; fileEncoding = undefined; lastKnownFileType = unknown; explicitFileType = undefined; includeInIndex = 0; };
/* End PBXFileReference section */

/* Begin PBXFrameworksBuildPhase section */
		13B07F8C1A680F5B00A75B9A /* Frameworks */ = {
			isa = PBXFrameworksBuildPhase;
			buildActionMask = 2147483647;
			files = (
				896478E22391383600189E09 /* libQBImagePickerController.a in Frameworks */,
				896478DE2391381C00189E09 /* libRSKImageCropper.a in Frameworks */,
				6626A84ADFEF94DF6B55877E /* libPods-SimformRN.a in Frameworks */,
			);
			runOnlyForDeploymentPostprocessing = 0;
		};
/* End PBXFrameworksBuildPhase section */

/* Begin PBXGroup section */
		13B07FAE1A68108700A75B9A /* SimformRN */ = {
			isa = PBXGroup;
			children = (
				008F07F21AC5B25A0029DE68 /* main.jsbundle */,
				13B07FAF1A68108700A75B9A /* AppDelegate.h */,
				13B07FB01A68108700A75B9A /* AppDelegate.m */,
				13B07FB51A68108700A75B9A /* Images.xcassets */,
				13B07FB61A68108700A75B9A /* Info.plist */,
				13B07FB11A68108700A75B9A /* LaunchScreen.xib */,
				13B07FB71A68108700A75B9A /* main.m */,
			);
			name = SimformRN;
			sourceTree = "<group>";
		};
		2D16E6871FA4F8E400B85C8A /* Frameworks */ = {
			isa = PBXGroup;
			children = (
				896478E12391383600189E09 /* libQBImagePickerController.a */,
				896478DF2391382600189E09 /* libQBImagePickerController.a */,
				896478DD2391381C00189E09 /* libRSKImageCropper.a */,
				ED297162215061F000B7C4FE /* JavaScriptCore.framework */,
				ED2971642150620600B7C4FE /* JavaScriptCore.framework */,
				6D4EF150423C4E75F94635E9 /* libPods-SimformRN.a */,
				0635466B06AE05811438FBF9 /* libPods-SimformRN-tvOS.a */,
				AB0BF88FCE5964CDAD9AFAF6 /* libPods-SimformRN-tvOSTests.a */,
				22FCA87DDD518CDE77895522 /* libPods-SimformRNTests.a */,
			);
			name = Frameworks;
			sourceTree = "<group>";
		};
		832341AE1AAA6A7D00B99B32 /* Libraries */ = {
			isa = PBXGroup;
			children = (
			);
			name = Libraries;
			sourceTree = "<group>";
		};
		83CBB9F61A601CBA00E9B192 = {
			isa = PBXGroup;
			children = (
				13B07FAE1A68108700A75B9A /* SimformRN */,
				832341AE1AAA6A7D00B99B32 /* Libraries */,
				83CBBA001A601CBA00E9B192 /* Products */,
				2D16E6871FA4F8E400B85C8A /* Frameworks */,
				897D478A0B0ED4E3C375ECE5 /* Pods */,
				2AA74ADB4B8B4A18BB1EC743 /* Resources */,
			);
			indentWidth = 2;
			sourceTree = "<group>";
			tabWidth = 2;
			usesTabs = 0;
		};
		83CBBA001A601CBA00E9B192 /* Products */ = {
			isa = PBXGroup;
			children = (
				13B07F961A680F5B00A75B9A /* SimformRN.app */,
			);
			name = Products;
			sourceTree = "<group>";
		};
		897D478A0B0ED4E3C375ECE5 /* Pods */ = {
			isa = PBXGroup;
			children = (
				A4BE00EFF1E4F95C5A08E9CC /* Pods-SimformRN.debug.xcconfig */,
				9E527E08B2755FED9C2C7F6A /* Pods-SimformRN.release.xcconfig */,
				CD73AE827E7D93C991A559D2 /* Pods-SimformRN-tvOS.debug.xcconfig */,
				EAC59EA84E0EC1942025D988 /* Pods-SimformRN-tvOS.release.xcconfig */,
				6337691CEFABA9CA79269F08 /* Pods-SimformRN-tvOSTests.debug.xcconfig */,
				3D8BC0723D5BCBFE43A253C8 /* Pods-SimformRN-tvOSTests.release.xcconfig */,
				6A83EF4D2205BC8823BA1743 /* Pods-SimformRNTests.debug.xcconfig */,
				F5A29C6B1CFC5BBBD8C22469 /* Pods-SimformRNTests.release.xcconfig */,
			);
			path = Pods;
			sourceTree = "<group>";
		};
		2AA74ADB4B8B4A18BB1EC743 /* Resources */ = {
			isa = "PBXGroup";
			children = (
				A60D29E9873D4D659015B9AD /* AntDesign.ttf */,
				BEF070E40B6547DD8B69C158 /* Entypo.ttf */,
				F638806E429C43DBA303134D /* EvilIcons.ttf */,
				8FF1EA1492CA4114A28A0B0C /* Feather.ttf */,
				304ADA2BB60E486F9E69D712 /* FontAwesome.ttf */,
				236BA544447C41509E997388 /* FontAwesome5_Brands.ttf */,
				9730FB4609E74067B0EA4B5D /* FontAwesome5_Regular.ttf */,
				49446BAE3C684365A8C17D7A /* FontAwesome5_Solid.ttf */,
				10594FCDD5934076851FD8FA /* Fontisto.ttf */,
				E1A46462FC10442EB1BC897F /* Foundation.ttf */,
				C2CB66643B6A42D087C138EF /* Ionicons.ttf */,
				C7FEF8C04987439D968316C0 /* MaterialCommunityIcons.ttf */,
				B6FBC478825440F09BD72EC5 /* MaterialIcons.ttf */,
				083552F16F2D42F185257B22 /* Octicons.ttf */,
				21D5A8C2003D4D92B927B67D /* SimpleLineIcons.ttf */,
				5F895A1304DC4F23B3EBEB66 /* Zocial.ttf */,
			);
			name = Resources;
			sourceTree = "<group>";
			path = "";
		};
/* End PBXGroup section */

/* Begin PBXNativeTarget section */
		13B07F861A680F5B00A75B9A /* SimformRN */ = {
			isa = PBXNativeTarget;
			buildConfigurationList = 13B07F931A680F5B00A75B9A /* Build configuration list for PBXNativeTarget "SimformRN" */;
			buildPhases = (
				466E92A9BD4363ECA51F9C27 /* [CP] Check Pods Manifest.lock */,
				FD10A7F022414F080027D42C /* Start Packager */,
				13B07F871A680F5B00A75B9A /* Sources */,
				13B07F8C1A680F5B00A75B9A /* Frameworks */,
				13B07F8E1A680F5B00A75B9A /* Resources */,
				00DD1BFF1BD5951E006B06BC /* Bundle React Native code and images */,
				D42E0F613D157C6420B9A17A /* [CP] Copy Pods Resources */,
			);
			buildRules = (
			);
			dependencies = (
			);
			name = SimformRN;
			productName = SimformRN;
			productReference = 13B07F961A680F5B00A75B9A /* SimformRN.app */;
			productType = "com.apple.product-type.application";
		};
/* End PBXNativeTarget section */

/* Begin PBXProject section */
		83CBB9F71A601CBA00E9B192 /* Project object */ = {
			isa = PBXProject;
			attributes = {
				LastUpgradeCheck = 940;
				ORGANIZATIONNAME = Facebook;
			};
			buildConfigurationList = 83CBB9FA1A601CBA00E9B192 /* Build configuration list for PBXProject "SimformRN" */;
			compatibilityVersion = "Xcode 3.2";
			developmentRegion = English;
			hasScannedForEncodings = 0;
			knownRegions = (
				English,
				en,
				Base,
			);
			mainGroup = 83CBB9F61A601CBA00E9B192;
			productRefGroup = 83CBBA001A601CBA00E9B192 /* Products */;
			projectDirPath = "";
			projectRoot = "";
			targets = (
				13B07F861A680F5B00A75B9A /* SimformRN */,
			);
		};
/* End PBXProject section */

/* Begin PBXResourcesBuildPhase section */
		13B07F8E1A680F5B00A75B9A /* Resources */ = {
			isa = PBXResourcesBuildPhase;
			buildActionMask = 2147483647;
			files = (
				13B07FBF1A68108700A75B9A /* Images.xcassets in Resources */,
				13B07FBD1A68108700A75B9A /* LaunchScreen.xib in Resources */,
				7F60F57D4DCB486DBF0FEEC4 /* AntDesign.ttf in Resources */,
				540F7398F5B742CEA6E81D45 /* Entypo.ttf in Resources */,
				B6737E28C44C408A9CC8488D /* EvilIcons.ttf in Resources */,
				76A1A833746C4E5BB503A728 /* Feather.ttf in Resources */,
				B171572B06F04E9A8FD8B71F /* FontAwesome.ttf in Resources */,
				230EF6A0436A4B6EA83B4D76 /* FontAwesome5_Brands.ttf in Resources */,
				40C660964F3A43398A3FCE24 /* FontAwesome5_Regular.ttf in Resources */,
				AEEF6EC1032541A494EC79BD /* FontAwesome5_Solid.ttf in Resources */,
				AFA49FB4EB0246F48D2578A1 /* Fontisto.ttf in Resources */,
				714AEA8009174CE6A02902B2 /* Foundation.ttf in Resources */,
				30F49EB22F2342D9849665BD /* Ionicons.ttf in Resources */,
				F1B830D4B6D14A1AA965E18C /* MaterialCommunityIcons.ttf in Resources */,
				FBD24FFA6EC64A2CA73AC50E /* MaterialIcons.ttf in Resources */,
				7ADD837729614F9EA02F793F /* Octicons.ttf in Resources */,
				5B3E7B57756B4091846B5492 /* SimpleLineIcons.ttf in Resources */,
				DF6E08F568F74100B8D262D4 /* Zocial.ttf in Resources */,
			);
			runOnlyForDeploymentPostprocessing = 0;
		};
/* End PBXResourcesBuildPhase section */

/* Begin PBXShellScriptBuildPhase section */
		00DD1BFF1BD5951E006B06BC /* Bundle React Native code and images */ = {
			isa = PBXShellScriptBuildPhase;
			buildActionMask = 2147483647;
			files = (
			);
			inputPaths = (
			);
			name = "Bundle React Native code and images";
			outputPaths = (
			);
			runOnlyForDeploymentPostprocessing = 0;
			shellPath = /bin/sh;
			shellScript = "export NODE_BINARY=node\n../node_modules/react-native/scripts/react-native-xcode.sh";
		};
		466E92A9BD4363ECA51F9C27 /* [CP] Check Pods Manifest.lock */ = {
			isa = PBXShellScriptBuildPhase;
			buildActionMask = 2147483647;
			files = (
			);
			inputFileListPaths = (
			);
			inputPaths = (
				"${PODS_PODFILE_DIR_PATH}/Podfile.lock",
				"${PODS_ROOT}/Manifest.lock",
			);
			name = "[CP] Check Pods Manifest.lock";
			outputFileListPaths = (
			);
			outputPaths = (
				"$(DERIVED_FILE_DIR)/Pods-SimformRN-checkManifestLockResult.txt",
			);
			runOnlyForDeploymentPostprocessing = 0;
			shellPath = /bin/sh;
			shellScript = "diff \"${PODS_PODFILE_DIR_PATH}/Podfile.lock\" \"${PODS_ROOT}/Manifest.lock\" > /dev/null\nif [ $? != 0 ] ; then\n    # print error to STDERR\n    echo \"error: The sandbox is not in sync with the Podfile.lock. Run 'pod install' or update your CocoaPods installation.\" >&2\n    exit 1\nfi\n# This output is used by Xcode 'outputs' to avoid re-running this script phase.\necho \"SUCCESS\" > \"${SCRIPT_OUTPUT_FILE_0}\"\n";
			showEnvVarsInLog = 0;
		};
		D42E0F613D157C6420B9A17A /* [CP] Copy Pods Resources */ = {
			isa = PBXShellScriptBuildPhase;
			buildActionMask = 2147483647;
			files = (
			);
			inputPaths = (
				"${PODS_ROOT}/Target Support Files/Pods-SimformRN/Pods-SimformRN-resources.sh",
				"${PODS_CONFIGURATION_BUILD_DIR}/QBImagePickerController/QBImagePicker.bundle",
				"${PODS_ROOT}/RSKImageCropper/RSKImageCropper/RSKImageCropperStrings.bundle",
			);
			name = "[CP] Copy Pods Resources";
			outputPaths = (
				"${TARGET_BUILD_DIR}/${UNLOCALIZED_RESOURCES_FOLDER_PATH}/QBImagePicker.bundle",
				"${TARGET_BUILD_DIR}/${UNLOCALIZED_RESOURCES_FOLDER_PATH}/RSKImageCropperStrings.bundle",
			);
			runOnlyForDeploymentPostprocessing = 0;
			shellPath = /bin/sh;
			shellScript = "\"${PODS_ROOT}/Target Support Files/Pods-SimformRN/Pods-SimformRN-resources.sh\"\n";
			showEnvVarsInLog = 0;
		};
		FD10A7F022414F080027D42C /* Start Packager */ = {
			isa = PBXShellScriptBuildPhase;
			buildActionMask = 2147483647;
			files = (
			);
			inputFileListPaths = (
			);
			inputPaths = (
			);
			name = "Start Packager";
			outputFileListPaths = (
			);
			outputPaths = (
			);
			runOnlyForDeploymentPostprocessing = 0;
			shellPath = /bin/sh;
			shellScript = "export RCT_METRO_PORT=\"${RCT_METRO_PORT:=8081}\"\necho \"export RCT_METRO_PORT=${RCT_METRO_PORT}\" > \"${SRCROOT}/../node_modules/react-native/scripts/.packager.env\"\nif [ -z \"${RCT_NO_LAUNCH_PACKAGER+xxx}\" ] ; then\n  if nc -w 5 -z localhost ${RCT_METRO_PORT} ; then\n    if ! curl -s \"http://localhost:${RCT_METRO_PORT}/status\" | grep -q \"packager-status:running\" ; then\n      echo \"Port ${RCT_METRO_PORT} already in use, packager is either not running or not running correctly\"\n      exit 2\n    fi\n  else\n    open \"$SRCROOT/../node_modules/react-native/scripts/launchPackager.command\" || echo \"Can't start packager automatically\"\n  fi\nfi\n";
			showEnvVarsInLog = 0;
		};
/* End PBXShellScriptBuildPhase section */

/* Begin PBXSourcesBuildPhase section */
		13B07F871A680F5B00A75B9A /* Sources */ = {
			isa = PBXSourcesBuildPhase;
			buildActionMask = 2147483647;
			files = (
				13B07FBC1A68108700A75B9A /* AppDelegate.m in Sources */,
				13B07FC11A68108700A75B9A /* main.m in Sources */,
			);
			runOnlyForDeploymentPostprocessing = 0;
		};
/* End PBXSourcesBuildPhase section */

/* Begin PBXVariantGroup section */
		13B07FB11A68108700A75B9A /* LaunchScreen.xib */ = {
			isa = PBXVariantGroup;
			children = (
				13B07FB21A68108700A75B9A /* Base */,
			);
			name = LaunchScreen.xib;
			path = SimformRN;
			sourceTree = "<group>";
		};
/* End PBXVariantGroup section */

/* Begin XCBuildConfiguration section */
		13B07F941A680F5B00A75B9A /* Debug */ = {
			isa = XCBuildConfiguration;
			baseConfigurationReference = A4BE00EFF1E4F95C5A08E9CC /* Pods-SimformRN.debug.xcconfig */;
			buildSettings = {
				ASSETCATALOG_COMPILER_APPICON_NAME = AppIcon;
				CURRENT_PROJECT_VERSION = 1;
				DEAD_CODE_STRIPPING = NO;
				INFOPLIST_FILE = SimformRN/Info.plist;
				LD_RUNPATH_SEARCH_PATHS = "$(inherited) @executable_path/Frameworks";
				OTHER_LDFLAGS = (
					"$(inherited)",
					"-ObjC",
					"-lc++",
				);
				PRODUCT_BUNDLE_IDENTIFIER = com.simform.SimformRN;
				PRODUCT_NAME = SimformRN;
				VERSIONING_SYSTEM = "apple-generic";
			};
			name = Debug;
		};
		13B07F951A680F5B00A75B9A /* Release */ = {
			isa = XCBuildConfiguration;
			baseConfigurationReference = 9E527E08B2755FED9C2C7F6A /* Pods-SimformRN.release.xcconfig */;
			buildSettings = {
				ASSETCATALOG_COMPILER_APPICON_NAME = AppIcon;
				CURRENT_PROJECT_VERSION = 1;
				INFOPLIST_FILE = SimformRN/Info.plist;
				LD_RUNPATH_SEARCH_PATHS = "$(inherited) @executable_path/Frameworks";
				OTHER_LDFLAGS = (
					"$(inherited)",
					"-ObjC",
					"-lc++",
				);
				PRODUCT_BUNDLE_IDENTIFIER = com.simform.SimformRN;
				PRODUCT_NAME = SimformRN;
				VERSIONING_SYSTEM = "apple-generic";
			};
			name = Release;
		};
		83CBBA201A601CBA00E9B192 /* Debug */ = {
			isa = XCBuildConfiguration;
			buildSettings = {
				ALWAYS_SEARCH_USER_PATHS = NO;
				CLANG_CXX_LANGUAGE_STANDARD = "gnu++0x";
				CLANG_CXX_LIBRARY = "libc++";
				CLANG_ENABLE_MODULES = YES;
				CLANG_ENABLE_OBJC_ARC = YES;
				CLANG_WARN_BLOCK_CAPTURE_AUTORELEASING = YES;
				CLANG_WARN_BOOL_CONVERSION = YES;
				CLANG_WARN_COMMA = YES;
				CLANG_WARN_CONSTANT_CONVERSION = YES;
				CLANG_WARN_DEPRECATED_OBJC_IMPLEMENTATIONS = YES;
				CLANG_WARN_DIRECT_OBJC_ISA_USAGE = YES_ERROR;
				CLANG_WARN_EMPTY_BODY = YES;
				CLANG_WARN_ENUM_CONVERSION = YES;
				CLANG_WARN_INFINITE_RECURSION = YES;
				CLANG_WARN_INT_CONVERSION = YES;
				CLANG_WARN_NON_LITERAL_NULL_CONVERSION = YES;
				CLANG_WARN_OBJC_IMPLICIT_RETAIN_SELF = YES;
				CLANG_WARN_OBJC_LITERAL_CONVERSION = YES;
				CLANG_WARN_OBJC_ROOT_CLASS = YES_ERROR;
				CLANG_WARN_RANGE_LOOP_ANALYSIS = YES;
				CLANG_WARN_STRICT_PROTOTYPES = YES;
				CLANG_WARN_SUSPICIOUS_MOVE = YES;
				CLANG_WARN_UNREACHABLE_CODE = YES;
				CLANG_WARN__DUPLICATE_METHOD_MATCH = YES;
				"CODE_SIGN_IDENTITY[sdk=iphoneos*]" = "iPhone Developer";
				COPY_PHASE_STRIP = NO;
				ENABLE_STRICT_OBJC_MSGSEND = YES;
				ENABLE_TESTABILITY = YES;
				GCC_C_LANGUAGE_STANDARD = gnu99;
				GCC_DYNAMIC_NO_PIC = NO;
				GCC_NO_COMMON_BLOCKS = YES;
				GCC_OPTIMIZATION_LEVEL = 0;
				GCC_PREPROCESSOR_DEFINITIONS = (
					"DEBUG=1",
					"$(inherited)",
				);
				GCC_SYMBOLS_PRIVATE_EXTERN = NO;
				GCC_WARN_64_TO_32_BIT_CONVERSION = YES;
				GCC_WARN_ABOUT_RETURN_TYPE = YES_ERROR;
				GCC_WARN_UNDECLARED_SELECTOR = YES;
				GCC_WARN_UNINITIALIZED_AUTOS = YES_AGGRESSIVE;
				GCC_WARN_UNUSED_FUNCTION = YES;
				GCC_WARN_UNUSED_VARIABLE = YES;
				IPHONEOS_DEPLOYMENT_TARGET = 9.0;
				MTL_ENABLE_DEBUG_INFO = YES;
				ONLY_ACTIVE_ARCH = YES;
				SDKROOT = iphoneos;
			};
			name = Debug;
		};
		83CBBA211A601CBA00E9B192 /* Release */ = {
			isa = XCBuildConfiguration;
			buildSettings = {
				ALWAYS_SEARCH_USER_PATHS = NO;
				CLANG_CXX_LANGUAGE_STANDARD = "gnu++0x";
				CLANG_CXX_LIBRARY = "libc++";
				CLANG_ENABLE_MODULES = YES;
				CLANG_ENABLE_OBJC_ARC = YES;
				CLANG_WARN_BLOCK_CAPTURE_AUTORELEASING = YES;
				CLANG_WARN_BOOL_CONVERSION = YES;
				CLANG_WARN_COMMA = YES;
				CLANG_WARN_CONSTANT_CONVERSION = YES;
				CLANG_WARN_DEPRECATED_OBJC_IMPLEMENTATIONS = YES;
				CLANG_WARN_DIRECT_OBJC_ISA_USAGE = YES_ERROR;
				CLANG_WARN_EMPTY_BODY = YES;
				CLANG_WARN_ENUM_CONVERSION = YES;
				CLANG_WARN_INFINITE_RECURSION = YES;
				CLANG_WARN_INT_CONVERSION = YES;
				CLANG_WARN_NON_LITERAL_NULL_CONVERSION = YES;
				CLANG_WARN_OBJC_IMPLICIT_RETAIN_SELF = YES;
				CLANG_WARN_OBJC_LITERAL_CONVERSION = YES;
				CLANG_WARN_OBJC_ROOT_CLASS = YES_ERROR;
				CLANG_WARN_RANGE_LOOP_ANALYSIS = YES;
				CLANG_WARN_STRICT_PROTOTYPES = YES;
				CLANG_WARN_SUSPICIOUS_MOVE = YES;
				CLANG_WARN_UNREACHABLE_CODE = YES;
				CLANG_WARN__DUPLICATE_METHOD_MATCH = YES;
				"CODE_SIGN_IDENTITY[sdk=iphoneos*]" = "iPhone Developer";
				COPY_PHASE_STRIP = YES;
				ENABLE_NS_ASSERTIONS = NO;
				ENABLE_STRICT_OBJC_MSGSEND = YES;
				GCC_C_LANGUAGE_STANDARD = gnu99;
				GCC_NO_COMMON_BLOCKS = YES;
				GCC_WARN_64_TO_32_BIT_CONVERSION = YES;
				GCC_WARN_ABOUT_RETURN_TYPE = YES_ERROR;
				GCC_WARN_UNDECLARED_SELECTOR = YES;
				GCC_WARN_UNINITIALIZED_AUTOS = YES_AGGRESSIVE;
				GCC_WARN_UNUSED_FUNCTION = YES;
				GCC_WARN_UNUSED_VARIABLE = YES;
				IPHONEOS_DEPLOYMENT_TARGET = 9.0;
				MTL_ENABLE_DEBUG_INFO = NO;
				SDKROOT = iphoneos;
				VALIDATE_PRODUCT = YES;
			};
			name = Release;
		};
/* End XCBuildConfiguration section */

/* Begin XCConfigurationList section */
		13B07F931A680F5B00A75B9A /* Build configuration list for PBXNativeTarget "SimformRN" */ = {
			isa = XCConfigurationList;
			buildConfigurations = (
				13B07F941A680F5B00A75B9A /* Debug */,
				13B07F951A680F5B00A75B9A /* Release */,
			);
			defaultConfigurationIsVisible = 0;
			defaultConfigurationName = Release;
		};
		83CBB9FA1A601CBA00E9B192 /* Build configuration list for PBXProject "SimformRN" */ = {
			isa = XCConfigurationList;
			buildConfigurations = (
				83CBBA201A601CBA00E9B192 /* Debug */,
				83CBBA211A601CBA00E9B192 /* Release */,
			);
			defaultConfigurationIsVisible = 0;
			defaultConfigurationName = Release;
		};
/* End XCConfigurationList section */
	};
	rootObject = 83CBB9F71A601CBA00E9B192 /* Project object */;
}
